<?xml version="1.0" encoding="utf-8"?>
<Project ToolsVersion="4.0" xmlns="http://schemas.microsoft.com/developer/msbuild/2003">
  <ItemGroup>
    <Filter Include="Исходные файлы">
      <UniqueIdentifier>{4FC737F1-C7A5-4376-A066-2A32D752A2FF}</UniqueIdentifier>
      <Extensions>cpp;c;cc;cxx;c++;cppm;ixx;def;odl;idl;hpj;bat;asm;asmx</Extensions>
    </Filter>
    <Filter Include="Файлы заголовков">
      <UniqueIdentifier>{93995380-89BD-4b04-88EB-625FBE52EBFB}</UniqueIdentifier>
      <Extensions>h;hh;hpp;hxx;h++;hm;inl;inc;ipp;xsd</Extensions>
    </Filter>
    <Filter Include="Файлы ресурсов">
      <UniqueIdentifier>{67DA6AB6-F800-4c08-8B7A-83BB121AAD01}</UniqueIdentifier>
      <Extensions>rc;ico;cur;bmp;dlg;rc2;rct;bin;rgs;gif;jpg;jpeg;jpe;resx;tiff;tif;png;wav;mfcribbon-ms</Extensions>
    </Filter>
  </ItemGroup>
  <ItemGroup>
    <ClCompile Include="Main.c">
      <Filter>Исходные файлы</Filter>
    </ClCompile>
    <ClCompile Include="Praktika_3.c">
      <Filter>Исходные файлы</Filter>
    </ClCompile>
    <ClCompile Include="myfunc.c">
      <Filter>Исходные файлы</Filter>
    </ClCompile>
    <ClCompile Include="Praktika_1.c">
      <Filter>Исходные файлы</Filter>
    </ClCompile>
    <ClCompile Include="Praktika_2.c">
      <Filter>Исходные файлы</Filter>
    </ClCompile>
    <ClCompile Include="Praktika_4.c">
      <Filter>Исходные файлы</Filter>
    </ClCompile>
    <ClCompile Include="Praktika_5.c">
      <Filter>Исходные файлы</Filter>
    </ClCompile>
    <ClCompile Include="Praktika_6.c">
      <Filter>Исходные файлы</Filter>
    </ClCompile>
    <ClCompile Include="Praktika_7.c">
      <Filter>Исходные файлы</Filter>
    </ClCompile>
    <ClCompile Include="Praktika_8.c">
      <Filter>Исходные файлы</Filter>
    </ClCompile>
    <ClCompile Include="Praktika_9.c">
      <Filter>Исходные файлы</Filter>
    </ClCompile>
    <ClCompile Include="Praktika_10.c">
      <Filter>Исходные файлы</Filter>
    </ClCompile>
    <ClCompile Include="Praktika_11.c">
      <Filter>Исходные файлы</Filter>
    </ClCompile>
    <ClCompile Include="Praktika_12.c">
      <Filter>Исходные файлы</Filter>
    </ClCompile>
    <ClCompile Include="Praktika_13.c">
      <Filter>Исходные файлы</Filter>
    </ClCompile>
    <ClCompile Include="Praktika_14.c">
      <Filter>Исходные файлы</Filter>
    </ClCompile>
    <ClCompile Include="Praktika_15.c">
      <Filter>Исходные файлы</Filter>
    </ClCompile>
  </ItemGroup>
  <ItemGroup>
    <ClInclude Include="Praktika_9.h">
      <Filter>Файлы заголовков</Filter>
    </ClInclude>
    <ClInclude Include="Praktika_8.h">
      <Filter>Файлы заголовков</Filter>
    </ClInclude>
    <ClInclude Include="Praktika_7.h">
      <Filter>Файлы заголовков</Filter>
    </ClInclude>
    <ClInclude Include="Praktika_6.h">
      <Filter>Файлы заголовков</Filter>
    </ClInclude>
    <ClInclude Include="Praktika_5.h">
      <Filter>Файлы заголовков</Filter>
    </ClInclude>
    <ClInclude Include="Praktika_4.h">
      <Filter>Файлы заголовков</Filter>
    </ClInclude>
    <ClInclude Include="Praktika_3.h">
      <Filter>Файлы заголовков</Filter>
    </ClInclude>
    <ClInclude Include="Praktika_2.h">
      <Filter>Файлы заголовков</Filter>
    </ClInclude>
    <ClInclude Include="Praktika_1.h">
      <Filter>Файлы заголовков</Filter>
    </ClInclude>
    <ClInclude Include="myfunc.h">
      <Filter>Файлы заголовков</Filter>
    </ClInclude>
    <ClInclude Include="Praktika_10.h">
      <Filter>Файлы заголовков</Filter>
    </ClInclude>
    <ClInclude Include="Praktika_11.h">
      <Filter>Файлы заголовков</Filter>
    </ClInclude>
    <ClInclude Include="Praktika_12.h">
      <Filter>Файлы заголовков</Filter>
    </ClInclude>
    <ClInclude Include="Praktika_13.h">
      <Filter>Файлы заголовков</Filter>
    </ClInclude>
    <ClInclude Include="Praktika_14.h">
      <Filter>Файлы заголовков</Filter>
    </ClInclude>
    <ClInclude Include="Praktika_15.h">
      <Filter>Файлы заголовков</Filter>
    </ClInclude>
  </ItemGroup>
</Project>